
Microsoft Visual Studio Solution File, Format Version 12.00
# Visual Studio 15
Project("{FAE04EC0-301F-11D3-BF4B-00C04F79EFBC}") = "Assembly-CSharp", "Assembly-CSharp.csproj", "{ABF200C1-FCB0-0B74-B969-4EE0C7BE2FD0}"
EndProject
Project("{FAE04EC0-301F-11D3-BF4B-00C04F79EFBC}") = "Assembly-CSharp-Editor", "Assembly-CSharp-Editor.csproj", "{2C7013B4-859C-005D-73E7-49C0159BEE5D}"
EndProject
Global
	GlobalSection(SolutionConfigurationPlatforms) = preSolution
		Debug|Any CPU = Debug|Any CPU
		Release|Any CPU = Release|Any CPU
	EndGlobalSection
	GlobalSection(ProjectConfigurationPlatforms) = postSolution
		{ABF200C1-FCB0-0B74-B969-4EE0C7BE2FD0}.Debug|Any CPU.ActiveCfg = Debug|Any CPU
		{ABF200C1-FCB0-0B74-B969-4EE0C7BE2FD0}.Debug|Any CPU.Build.0 = Debug|Any CPU
		{ABF200C1-FCB0-0B74-B969-4EE0C7BE2FD0}.Release|Any CPU.ActiveCfg = Release|Any CPU
		{ABF200C1-FCB0-0B74-B969-4EE0C7BE2FD0}.Release|Any CPU.Build.0 = Release|Any CPU
		{2C7013B4-859C-005D-73E7-49C0159BEE5D}.Debug|Any CPU.ActiveCfg = Debug|Any CPU
		{2C7013B4-859C-005D-73E7-49C0159BEE5D}.Debug|Any CPU.Build.0 = Debug|Any CPU
		{2C7013B4-859C-005D-73E7-49C0159BEE5D}.Release|Any CPU.ActiveCfg = Release|Any CPU
		{2C7013B4-859C-005D-73E7-49C0159BEE5D}.Release|Any CPU.Build.0 = Release|Any CPU
	EndGlobalSection
	GlobalSection(SolutionProperties) = preSolution
		HideSolutionNode = FALSE
	EndGlobalSection
EndGlobal
